
Microsoft Visual Studio Solution File, Format Version 12.00
# Visual Studio Version 16
VisualStudioVersion = 16.0.31105.61
MinimumVisualStudioVersion = 10.0.40219.1
Project("{00D1A9C2-B5F0-4AF3-8072-F6C62B433612}") = "DataWarehouseProject", "DataWarehouseProject\DataWarehouseProject.sqlproj", "{8280E122-FCDA-421D-9FF8-F735056B9A48}"
EndProject
Global
	GlobalSection(SolutionConfigurationPlatforms) = preSolution
		Debug|Any CPU = Debug|Any CPU
		Release|Any CPU = Release|Any CPU
	EndGlobalSection
	GlobalSection(ProjectConfigurationPlatforms) = postSolution
		{8280E122-FCDA-421D-9FF8-F735056B9A48}.Debug|Any CPU.ActiveCfg = Debug|Any CPU
		{8280E122-FCDA-421D-9FF8-F735056B9A48}.Debug|Any CPU.Build.0 = Debug|Any CPU
		{8280E122-FCDA-421D-9FF8-F735056B9A48}.Debug|Any CPU.Deploy.0 = Debug|Any CPU
		{8280E122-FCDA-421D-9FF8-F735056B9A48}.Release|Any CPU.ActiveCfg = Release|Any CPU
		{8280E122-FCDA-421D-9FF8-F735056B9A48}.Release|Any CPU.Build.0 = Release|Any CPU
		{8280E122-FCDA-421D-9FF8-F735056B9A48}.Release|Any CPU.Deploy.0 = Release|Any CPU
	EndGlobalSection
	GlobalSection(SolutionProperties) = preSolution
		HideSolutionNode = FALSE
	EndGlobalSection
	GlobalSection(ExtensibilityGlobals) = postSolution
		SolutionGuid = {D0C0B9B9-FDAE-4864-863B-99CFB382E7E9}
	EndGlobalSection
EndGlobal
